
Microsoft Visual Studio Solution File, Format Version 12.00
# Visual Studio Version 16
VisualStudioVersion = 16.0.30204.135
MinimumVisualStudioVersion = 10.0.40219.1
Project("{FAE04EC0-301F-11D3-BF4B-00C04F79EFBC}") = "EjercicioHerencia", "EjercicioHerencia\EjercicioHerencia.csproj", "{06404F69-9BA8-49EC-AA80-A3C5A693501F}"
EndProject
Global
	GlobalSection(SolutionConfigurationPlatforms) = preSolution
		Debug|Any CPU = Debug|Any CPU
		Release|Any CPU = Release|Any CPU
	EndGlobalSection
	GlobalSection(ProjectConfigurationPlatforms) = postSolution
		{06404F69-9BA8-49EC-AA80-A3C5A693501F}.Debug|Any CPU.ActiveCfg = Debug|Any CPU
		{06404F69-9BA8-49EC-AA80-A3C5A693501F}.Debug|Any CPU.Build.0 = Debug|Any CPU
		{06404F69-9BA8-49EC-AA80-A3C5A693501F}.Release|Any CPU.ActiveCfg = Release|Any CPU
		{06404F69-9BA8-49EC-AA80-A3C5A693501F}.Release|Any CPU.Build.0 = Release|Any CPU
	EndGlobalSection
	GlobalSection(SolutionProperties) = preSolution
		HideSolutionNode = FALSE
	EndGlobalSection
	GlobalSection(ExtensibilityGlobals) = postSolution
		SolutionGuid = {D048D954-0509-42FB-A82D-52ED8D84AA31}
	EndGlobalSection
EndGlobal
